
Microsoft Visual Studio Solution File, Format Version 12.00
# Visual Studio Version 17
VisualStudioVersion = 17.6.33712.159
MinimumVisualStudioVersion = 10.0.40219.1
Project("{FAE04EC0-301F-11D3-BF4B-00C04F79EFBC}") = "Password Cracker", "Password Cracker\Password Cracker.csproj", "{AE35867D-803B-4FFC-A0EC-750D4DA709D7}"
EndProject
Project("{FAE04EC0-301F-11D3-BF4B-00C04F79EFBC}") = "Network Scanner", "Network Scanner\Network Scanner.csproj", "{67C36852-AAE8-41C9-B129-20DD73999144}"
EndProject
Global
	GlobalSection(SolutionConfigurationPlatforms) = preSolution
		Debug|Any CPU = Debug|Any CPU
		Release|Any CPU = Release|Any CPU
	EndGlobalSection
	GlobalSection(ProjectConfigurationPlatforms) = postSolution
		{AE35867D-803B-4FFC-A0EC-750D4DA709D7}.Debug|Any CPU.ActiveCfg = Debug|Any CPU
		{AE35867D-803B-4FFC-A0EC-750D4DA709D7}.Debug|Any CPU.Build.0 = Debug|Any CPU
		{AE35867D-803B-4FFC-A0EC-750D4DA709D7}.Release|Any CPU.ActiveCfg = Release|Any CPU
		{AE35867D-803B-4FFC-A0EC-750D4DA709D7}.Release|Any CPU.Build.0 = Release|Any CPU
		{67C36852-AAE8-41C9-B129-20DD73999144}.Debug|Any CPU.ActiveCfg = Debug|Any CPU
		{67C36852-AAE8-41C9-B129-20DD73999144}.Debug|Any CPU.Build.0 = Debug|Any CPU
		{67C36852-AAE8-41C9-B129-20DD73999144}.Release|Any CPU.ActiveCfg = Release|Any CPU
		{67C36852-AAE8-41C9-B129-20DD73999144}.Release|Any CPU.Build.0 = Release|Any CPU
	EndGlobalSection
	GlobalSection(SolutionProperties) = preSolution
		HideSolutionNode = FALSE
	EndGlobalSection
	GlobalSection(ExtensibilityGlobals) = postSolution
		SolutionGuid = {551F46D0-3107-4F8D-9C0C-6C08F6CFA8E6}
	EndGlobalSection
EndGlobal
